
Microsoft Visual Studio Solution File, Format Version 12.00
# Visual Studio Version 16
VisualStudioVersion = 16.0.29920.165
MinimumVisualStudioVersion = 10.0.40219.1
Project("{FAE04EC0-301F-11D3-BF4B-00C04F79EFBC}") = "SemanticReleaseSample", "SemanticReleaseSample.csproj", "{2A4BC5B6-1875-4968-9D6A-1E6F3544B0EE}"
EndProject
Global
	GlobalSection(SolutionConfigurationPlatforms) = preSolution
		Debug|Any CPU = Debug|Any CPU
		Release|Any CPU = Release|Any CPU
	EndGlobalSection
	GlobalSection(ProjectConfigurationPlatforms) = postSolution
		{2A4BC5B6-1875-4968-9D6A-1E6F3544B0EE}.Debug|Any CPU.ActiveCfg = Debug|Any CPU
		{2A4BC5B6-1875-4968-9D6A-1E6F3544B0EE}.Debug|Any CPU.Build.0 = Debug|Any CPU
		{2A4BC5B6-1875-4968-9D6A-1E6F3544B0EE}.Release|Any CPU.ActiveCfg = Release|Any CPU
		{2A4BC5B6-1875-4968-9D6A-1E6F3544B0EE}.Release|Any CPU.Build.0 = Release|Any CPU
	EndGlobalSection
	GlobalSection(SolutionProperties) = preSolution
		HideSolutionNode = FALSE
	EndGlobalSection
	GlobalSection(ExtensibilityGlobals) = postSolution
		SolutionGuid = {708FD9A9-0466-46E7-88CF-BC184490C218}
	EndGlobalSection
EndGlobal
